
Microsoft Visual Studio Solution File, Format Version 12.00
# Visual Studio Version 16
VisualStudioVersion = 16.0.30611.23
MinimumVisualStudioVersion = 10.0.40219.1
Project("{FAE04EC0-301F-11D3-BF4B-00C04F79EFBC}") = "Single ResponsibilityPrinciple", "Single ResponsibilityPrinciple.csproj", "{FCBF6772-8281-433A-BA88-24A1A6A4773E}"
EndProject
Global
	GlobalSection(SolutionConfigurationPlatforms) = preSolution
		Debug|Any CPU = Debug|Any CPU
		Release|Any CPU = Release|Any CPU
	EndGlobalSection
	GlobalSection(ProjectConfigurationPlatforms) = postSolution
		{FCBF6772-8281-433A-BA88-24A1A6A4773E}.Debug|Any CPU.ActiveCfg = Debug|Any CPU
		{FCBF6772-8281-433A-BA88-24A1A6A4773E}.Debug|Any CPU.Build.0 = Debug|Any CPU
		{FCBF6772-8281-433A-BA88-24A1A6A4773E}.Release|Any CPU.ActiveCfg = Release|Any CPU
		{FCBF6772-8281-433A-BA88-24A1A6A4773E}.Release|Any CPU.Build.0 = Release|Any CPU
	EndGlobalSection
	GlobalSection(SolutionProperties) = preSolution
		HideSolutionNode = FALSE
	EndGlobalSection
	GlobalSection(ExtensibilityGlobals) = postSolution
		SolutionGuid = {4A685EC5-AF6B-49D1-829F-C444B05F51C9}
	EndGlobalSection
EndGlobal
